{
  "name": "root",
  "version": "1.0.0",
  "lockfileVersion": 2,
  "requires": true,
  "packages": {
    "": {
      "name": "root",
      "version": "1.0.0",
      "license": "ISC",
      "dependencies": {
        "qiankun": "^2.6.3"
      }
    },
    "node_modules/@babel/runtime": {
      "version": "7.16.7",
      "resolved": "https://registry.npmmirror.com/@babel/runtime/download/@babel/runtime-7.16.7.tgz",
      "integrity": "sha512-9E9FJowqAsytyOY6LG+1KuueckRL+aQW+mKvXRXnuFGyRAyepJPmEo9vgMfXUA6O9u3IeEdv9MAkppFcaQwogQ==",
      "dependencies": {
        "regenerator-runtime": "^0.13.4"
      },
      "engines": {
        "node": ">=6.9.0"
      }
    },
    "node_modules/import-html-entry": {
      "version": "1.11.1",
      "resolved": "https://registry.npm.taobao.org/import-html-entry/download/import-html-entry-1.11.1.tgz",
      "integrity": "sha1-PYxZd5Jr3RIquOZYllwQIGi0r40=",
      "dependencies": {
        "@babel/runtime": "^7.7.2"
      }
    },
    "node_modules/lodash": {
      "version": "4.17.21",
      "resolved": "https://registry.npmmirror.com/lodash/download/lodash-4.17.21.tgz",
      "integrity": "sha512-v2kDEe57lecTulaDIuNTPy3Ry4gLGJ6Z1O3vE1krgXZNrsQ+LFTGHVxVjcXPs17LhbZVGedAJv8XZ1tvj5FvSg=="
    },
    "node_modules/qiankun": {
      "version": "2.6.3",
      "resolved": "https://registry.npmmirror.com/qiankun/download/qiankun-2.6.3.tgz",
      "integrity": "sha512-h1NIokwjdt508HNPcWBdzoYFDJvhbpUUlFSa5dDkpJYVCl55iqqHgdyi1YayinmLmr/9s/zD+WQv+A2mbzkMQw==",
      "dependencies": {
        "@babel/runtime": "^7.10.5",
        "import-html-entry": "^1.9.0",
        "lodash": "^4.17.11",
        "single-spa": "^5.9.2",
        "tslib": "^1.10.0"
      }
    },
    "node_modules/regenerator-runtime": {
      "version": "0.13.9",
      "resolved": "https://registry.npmmirror.com/regenerator-runtime/download/regenerator-runtime-0.13.9.tgz",
      "integrity": "sha512-p3VT+cOEgxFsRRA9X4lkI1E+k2/CtnKtU4gcxyaCUreilL/vqI6CdZ3wxVUx3UOUg+gnUOQQcRI7BmSI656MYA=="
    },
    "node_modules/single-spa": {
      "version": "5.9.3",
      "resolved": "https://registry.npmmirror.com/single-spa/download/single-spa-5.9.3.tgz",
      "integrity": "sha1-LRUcuzsnNimlsnswo7jKhH3LpMU="
    },
    "node_modules/tslib": {
      "version": "1.14.1",
      "resolved": "https://registry.npmmirror.com/tslib/download/tslib-1.14.1.tgz",
      "integrity": "sha512-Xni35NKzjgMrwevysHTCArtLDpPvye8zV/0E4EyYn43P7/7qvQwPh9BGkHewbMulVntbigmcT7rdX3BNo9wRJg=="
    }
  },
  "dependencies": {
    "@babel/runtime": {
      "version": "7.16.7",
      "resolved": "https://registry.npmmirror.com/@babel/runtime/download/@babel/runtime-7.16.7.tgz",
      "integrity": "sha512-9E9FJowqAsytyOY6LG+1KuueckRL+aQW+mKvXRXnuFGyRAyepJPmEo9vgMfXUA6O9u3IeEdv9MAkppFcaQwogQ==",
      "requires": {
        "regenerator-runtime": "^0.13.4"
      }
    },
    "import-html-entry": {
      "version": "1.11.1",
      "resolved": "https://registry.npm.taobao.org/import-html-entry/download/import-html-entry-1.11.1.tgz",
      "integrity": "sha1-PYxZd5Jr3RIquOZYllwQIGi0r40=",
      "requires": {
        "@babel/runtime": "^7.7.2"
      }
    },
    "lodash": {
      "version": "4.17.21",
      "resolved": "https://registry.npmmirror.com/lodash/download/lodash-4.17.21.tgz",
      "integrity": "sha512-v2kDEe57lecTulaDIuNTPy3Ry4gLGJ6Z1O3vE1krgXZNrsQ+LFTGHVxVjcXPs17LhbZVGedAJv8XZ1tvj5FvSg=="
    },
    "qiankun": {
      "version": "2.6.3",
      "resolved": "https://registry.npmmirror.com/qiankun/download/qiankun-2.6.3.tgz",
      "integrity": "sha512-h1NIokwjdt508HNPcWBdzoYFDJvhbpUUlFSa5dDkpJYVCl55iqqHgdyi1YayinmLmr/9s/zD+WQv+A2mbzkMQw==",
      "requires": {
        "@babel/runtime": "^7.10.5",
        "import-html-entry": "^1.9.0",
        "lodash": "^4.17.11",
        "single-spa": "^5.9.2",
        "tslib": "^1.10.0"
      }
    },
    "regenerator-runtime": {
      "version": "0.13.9",
      "resolved": "https://registry.npmmirror.com/regenerator-runtime/download/regenerator-runtime-0.13.9.tgz",
      "integrity": "sha512-p3VT+cOEgxFsRRA9X4lkI1E+k2/CtnKtU4gcxyaCUreilL/vqI6CdZ3wxVUx3UOUg+gnUOQQcRI7BmSI656MYA=="
    },
    "single-spa": {
      "version": "5.9.3",
      "resolved": "https://registry.npmmirror.com/single-spa/download/single-spa-5.9.3.tgz",
      "integrity": "sha1-LRUcuzsnNimlsnswo7jKhH3LpMU="
    },
    "tslib": {
      "version": "1.14.1",
      "resolved": "https://registry.npmmirror.com/tslib/download/tslib-1.14.1.tgz",
      "integrity": "sha512-Xni35NKzjgMrwevysHTCArtLDpPvye8zV/0E4EyYn43P7/7qvQwPh9BGkHewbMulVntbigmcT7rdX3BNo9wRJg=="
    }
  }
}
